
Microsoft Visual Studio Solution File, Format Version 12.00
# Visual Studio 15
VisualStudioVersion = 15.0.28307.757
MinimumVisualStudioVersion = 10.0.40219.1
Project("{FAE04EC0-301F-11D3-BF4B-00C04F79EFBC}") = "ADBTeam80_DB4O", "ADBTeam80_DB4O\ADBTeam80_DB4O.csproj", "{136A2294-507D-4D70-A713-10D7E31F2CCB}"
EndProject
Global
	GlobalSection(SolutionConfigurationPlatforms) = preSolution
		Debug|Any CPU = Debug|Any CPU
		Release|Any CPU = Release|Any CPU
	EndGlobalSection
	GlobalSection(ProjectConfigurationPlatforms) = postSolution
		{136A2294-507D-4D70-A713-10D7E31F2CCB}.Debug|Any CPU.ActiveCfg = Debug|Any CPU
		{136A2294-507D-4D70-A713-10D7E31F2CCB}.Debug|Any CPU.Build.0 = Debug|Any CPU
		{136A2294-507D-4D70-A713-10D7E31F2CCB}.Release|Any CPU.ActiveCfg = Release|Any CPU
		{136A2294-507D-4D70-A713-10D7E31F2CCB}.Release|Any CPU.Build.0 = Release|Any CPU
	EndGlobalSection
	GlobalSection(SolutionProperties) = preSolution
		HideSolutionNode = FALSE
	EndGlobalSection
	GlobalSection(ExtensibilityGlobals) = postSolution
		SolutionGuid = {9FB33DCC-8D42-4544-A1D5-76537F4BFC47}
	EndGlobalSection
EndGlobal
